Microsoft Visual Studio Solution File, Format Version 12.00
# Visual Studio Version 17
VisualStudioVersion = 17.5.2.0
MinimumVisualStudioVersion = 10.0.40219.1
Project("{FAE04EC0-301F-11D3-BF4B-00C04F79EFBC}") = "TimeTrackingService", "TimeTrackingService.csproj", "{05FAF1DE-CA4B-BE5C-BDC6-5EA3BB825F16}"
EndProject
Global
	GlobalSection(SolutionConfigurationPlatforms) = preSolution
		Debug|Any CPU = Debug|Any CPU
		Release|Any CPU = Release|Any CPU
	EndGlobalSection
	GlobalSection(ProjectConfigurationPlatforms) = postSolution
		{05FAF1DE-CA4B-BE5C-BDC6-5EA3BB825F16}.Debug|Any CPU.ActiveCfg = Debug|Any CPU
		{05FAF1DE-CA4B-BE5C-BDC6-5EA3BB825F16}.Debug|Any CPU.Build.0 = Debug|Any CPU
		{05FAF1DE-CA4B-BE5C-BDC6-5EA3BB825F16}.Release|Any CPU.ActiveCfg = Release|Any CPU
		{05FAF1DE-CA4B-BE5C-BDC6-5EA3BB825F16}.Release|Any CPU.Build.0 = Release|Any CPU
	EndGlobalSection
	GlobalSection(SolutionProperties) = preSolution
		HideSolutionNode = FALSE
	EndGlobalSection
	GlobalSection(ExtensibilityGlobals) = postSolution
		SolutionGuid = {CF4FE93C-C7DE-4A35-BF92-BFC27BA0F72C}
	EndGlobalSection
EndGlobal
